// !$*UTF8*$!
{
	archiveVersion = 1;
	classes = {
	};
	objectVersion = 55;
	objects = {

/* Begin PBXBuildFile section */
		4A7D131928E823820094343A /* HomeView.swift in Sources */ = {isa = PBXBuildFile; fileRef = 4A7D131828E823820094343A /* HomeView.swift */; };
		4A7D131B28E82AC90094343A /* ListChampController.swift in Sources */ = {isa = PBXBuildFile; fileRef = 4A7D131A28E82AC90094343A /* ListChampController.swift */; };
		4AB892AC28F00E5800789E6B /* ChampViewController.swift in Sources */ = {isa = PBXBuildFile; fileRef = 4AB892AB28F00E5800789E6B /* ChampViewController.swift */; };
		4AB8E7A128EEB31E000EDC46 /* Item.swift in Sources */ = {isa = PBXBuildFile; fileRef = 4AB8E7A028EEB31E000EDC46 /* Item.swift */; };
		4AB8E7A528EF024F000EDC46 /* Load.swift in Sources */ = {isa = PBXBuildFile; fileRef = 4AB8E7A428EF024F000EDC46 /* Load.swift */; };
		4ABFBBF128E715B6002F1D4D /* AppDelegate.swift in Sources */ = {isa = PBXBuildFile; fileRef = 4ABFBBF028E715B6002F1D4D /* AppDelegate.swift */; };
		4ABFBBF328E715B6002F1D4D /* SceneDelegate.swift in Sources */ = {isa = PBXBuildFile; fileRef = 4ABFBBF228E715B6002F1D4D /* SceneDelegate.swift */; };
		4ABFBBF528E715B6002F1D4D /* ViewController.swift in Sources */ = {isa = PBXBuildFile; fileRef = 4ABFBBF428E715B6002F1D4D /* ViewController.swift */; };
		4ABFBBF828E715B6002F1D4D /* Main.storyboard in Resources */ = {isa = PBXBuildFile; fileRef = 4ABFBBF628E715B6002F1D4D /* Main.storyboard */; };
		4ABFBBFA28E715B7002F1D4D /* Assets.xcassets in Resources */ = {isa = PBXBuildFile; fileRef = 4ABFBBF928E715B7002F1D4D /* Assets.xcassets */; };
		4ABFBBFD28E715B7002F1D4D /* LaunchScreen.storyboard in Resources */ = {isa = PBXBuildFile; fileRef = 4ABFBBFB28E715B7002F1D4D /* LaunchScreen.storyboard */; };
		4ABFBC0828E715B7002F1D4D /* LeagueOfInfoTests.swift in Sources */ = {isa = PBXBuildFile; fileRef = 4ABFBC0728E715B7002F1D4D /* LeagueOfInfoTests.swift */; };
		4ABFBC1228E715B7002F1D4D /* LeagueOfInfoUITests.swift in Sources */ = {isa = PBXBuildFile; fileRef = 4ABFBC1128E715B7002F1D4D /* LeagueOfInfoUITests.swift */; };
		4ABFBC1428E715B7002F1D4D /* LeagueOfInfoUITestsLaunchTests.swift in Sources */ = {isa = PBXBuildFile; fileRef = 4ABFBC1328E715B7002F1D4D /* LeagueOfInfoUITestsLaunchTests.swift */; };
		4ABFBC2228E71635002F1D4D /* LolApi.swift in Sources */ = {isa = PBXBuildFile; fileRef = 4ABFBC2128E71635002F1D4D /* LolApi.swift */; };
		4ABFBC2628E7167B002F1D4D /* Champ.swift in Sources */ = {isa = PBXBuildFile; fileRef = 4ABFBC2528E7167B002F1D4D /* Champ.swift */; };
		74429BDA2571FD1BE2AD0C48 /* Pods_LeagueOfInfo_LeagueOfInfoUITests.framework in Frameworks */ = {isa = PBXBuildFile; fileRef = F285A28A38BDD3E26627C099 /* Pods_LeagueOfInfo_LeagueOfInfoUITests.framework */; };
		85B0D3C5F90ACE48605E4079 /* Pods_LeagueOfInfoTests.framework in Frameworks */ = {isa = PBXBuildFile; fileRef = 2622E4A3F784CDBB2BB674E8 /* Pods_LeagueOfInfoTests.framework */; };
		CDDBE69F1C7CAC79C86F9EB7 /* Pods_LeagueOfInfo.framework in Frameworks */ = {isa = PBXBuildFile; fileRef = 1BC8EA51CA1670251E6E50D1 /* Pods_LeagueOfInfo.framework */; };
/* End PBXBuildFile section */

/* Begin PBXContainerItemProxy section */
		4ABFBC0428E715B7002F1D4D /* PBXContainerItemProxy */ = {
			isa = PBXContainerItemProxy;
			containerPortal = 4ABFBBE528E715B6002F1D4D /* Project object */;
			proxyType = 1;
			remoteGlobalIDString = 4ABFBBEC28E715B6002F1D4D;
			remoteInfo = LeagueOfInfo;
		};
		4ABFBC0E28E715B7002F1D4D /* PBXContainerItemProxy */ = {
			isa = PBXContainerItemProxy;
			containerPortal = 4ABFBBE528E715B6002F1D4D /* Project object */;
			proxyType = 1;
			remoteGlobalIDString = 4ABFBBEC28E715B6002F1D4D;
			remoteInfo = LeagueOfInfo;
		};
/* End PBXContainerItemProxy section */

/* Begin PBXFileReference section */
		05DD5924058326EF4BB4BC2E /* Pods-LeagueOfInfoTests.release.xcconfig */ = {isa = PBXFileReference; includeInIndex = 1; lastKnownFileType = text.xcconfig; name = "Pods-LeagueOfInfoTests.release.xcconfig"; path = "Target Support Files/Pods-LeagueOfInfoTests/Pods-LeagueOfInfoTests.release.xcconfig"; sourceTree = "<group>"; };
		0FD7C9115B460B758F90639A /* Pods-LeagueOfInfo-LeagueOfInfoUITests.debug.xcconfig */ = {isa = PBXFileReference; includeInIndex = 1; lastKnownFileType = text.xcconfig; name = "Pods-LeagueOfInfo-LeagueOfInfoUITests.debug.xcconfig"; path = "Target Support Files/Pods-LeagueOfInfo-LeagueOfInfoUITests/Pods-LeagueOfInfo-LeagueOfInfoUITests.debug.xcconfig"; sourceTree = "<group>"; };
		1BC8EA51CA1670251E6E50D1 /* Pods_LeagueOfInfo.framework */ = {isa = PBXFileReference; explicitFileType = wrapper.framework; includeInIndex = 0; path = Pods_LeagueOfInfo.framework; sourceTree = BUILT_PRODUCTS_DIR; };
		2622E4A3F784CDBB2BB674E8 /* Pods_LeagueOfInfoTests.framework */ = {isa = PBXFileReference; explicitFileType = wrapper.framework; includeInIndex = 0; path = Pods_LeagueOfInfoTests.framework; sourceTree = BUILT_PRODUCTS_DIR; };
		2F3AE0698C029F5D2EFA6FCB /* Pods-LeagueOfInfo-LeagueOfInfoUITests.release.xcconfig */ = {isa = PBXFileReference; includeInIndex = 1; lastKnownFileType = text.xcconfig; name = "Pods-LeagueOfInfo-LeagueOfInfoUITests.release.xcconfig"; path = "Target Support Files/Pods-LeagueOfInfo-LeagueOfInfoUITests/Pods-LeagueOfInfo-LeagueOfInfoUITests.release.xcconfig"; sourceTree = "<group>"; };
		4A7D131828E823820094343A /* HomeView.swift */ = {isa = PBXFileReference; lastKnownFileType = sourcecode.swift; path = HomeView.swift; sourceTree = "<group>"; };
		4A7D131A28E82AC90094343A /* ListChampController.swift */ = {isa = PBXFileReference; lastKnownFileType = sourcecode.swift; path = ListChampController.swift; sourceTree = "<group>"; };
		4A7D5E61B57B3249CFB68A91 /* Pods-LeagueOfInfo.release.xcconfig */ = {isa = PBXFileReference; includeInIndex = 1; lastKnownFileType = text.xcconfig; name = "Pods-LeagueOfInfo.release.xcconfig"; path = "Target Support Files/Pods-LeagueOfInfo/Pods-LeagueOfInfo.release.xcconfig"; sourceTree = "<group>"; };
		4AB892AB28F00E5800789E6B /* ChampViewController.swift */ = {isa = PBXFileReference; lastKnownFileType = sourcecode.swift; path = ChampViewController.swift; sourceTree = "<group>"; };
		4AB8E7A028EEB31E000EDC46 /* Item.swift */ = {isa = PBXFileReference; lastKnownFileType = sourcecode.swift; path = Item.swift; sourceTree = "<group>"; };
		4AB8E7A428EF024F000EDC46 /* Load.swift */ = {isa = PBXFileReference; lastKnownFileType = sourcecode.swift; path = Load.swift; sourceTree = "<group>"; };
		4ABFBBED28E715B6002F1D4D /* LeagueOfInfo.app */ = {isa = PBXFileReference; explicitFileType = wrapper.application; includeInIndex = 0; path = LeagueOfInfo.app; sourceTree = BUILT_PRODUCTS_DIR; };
		4ABFBBF028E715B6002F1D4D /* AppDelegate.swift */ = {isa = PBXFileReference; lastKnownFileType = sourcecode.swift; path = AppDelegate.swift; sourceTree = "<group>"; };
		4ABFBBF228E715B6002F1D4D /* SceneDelegate.swift */ = {isa = PBXFileReference; lastKnownFileType = sourcecode.swift; path = SceneDelegate.swift; sourceTree = "<group>"; };
		4ABFBBF428E715B6002F1D4D /* ViewController.swift */ = {isa = PBXFileReference; lastKnownFileType = sourcecode.swift; path = ViewController.swift; sourceTree = "<group>"; };
		4ABFBBF728E715B6002F1D4D /* Base */ = {isa = PBXFileReference; lastKnownFileType = file.storyboard; name = Base; path = Base.lproj/Main.storyboard; sourceTree = "<group>"; };
		4ABFBBF928E715B7002F1D4D /* Assets.xcassets */ = {isa = PBXFileReference; lastKnownFileType = folder.assetcatalog; path = Assets.xcassets; sourceTree = "<group>"; };
		4ABFBBFC28E715B7002F1D4D /* Base */ = {isa = PBXFileReference; lastKnownFileType = file.storyboard; name = Base; path = Base.lproj/LaunchScreen.storyboard; sourceTree = "<group>"; };
		4ABFBBFE28E715B7002F1D4D /* Info.plist */ = {isa = PBXFileReference; lastKnownFileType = text.plist.xml; path = Info.plist; sourceTree = "<group>"; };
		4ABFBC0328E715B7002F1D4D /* LeagueOfInfoTests.xctest */ = {isa = PBXFileReference; explicitFileType = wrapper.cfbundle; includeInIndex = 0; path = LeagueOfInfoTests.xctest; sourceTree = BUILT_PRODUCTS_DIR; };
		4ABFBC0728E715B7002F1D4D /* LeagueOfInfoTests.swift */ = {isa = PBXFileReference; lastKnownFileType = sourcecode.swift; path = LeagueOfInfoTests.swift; sourceTree = "<group>"; };
		4ABFBC0D28E715B7002F1D4D /* LeagueOfInfoUITests.xctest */ = {isa = PBXFileReference; explicitFileType = wrapper.cfbundle; includeInIndex = 0; path = LeagueOfInfoUITests.xctest; sourceTree = BUILT_PRODUCTS_DIR; };
		4ABFBC1128E715B7002F1D4D /* LeagueOfInfoUITests.swift */ = {isa = PBXFileReference; lastKnownFileType = sourcecode.swift; path = LeagueOfInfoUITests.swift; sourceTree = "<group>"; };
		4ABFBC1328E715B7002F1D4D /* LeagueOfInfoUITestsLaunchTests.swift */ = {isa = PBXFileReference; lastKnownFileType = sourcecode.swift; path = LeagueOfInfoUITestsLaunchTests.swift; sourceTree = "<group>"; };
		4ABFBC2128E71635002F1D4D /* LolApi.swift */ = {isa = PBXFileReference; lastKnownFileType = sourcecode.swift; path = LolApi.swift; sourceTree = "<group>"; };
		4ABFBC2528E7167B002F1D4D /* Champ.swift */ = {isa = PBXFileReference; lastKnownFileType = sourcecode.swift; path = Champ.swift; sourceTree = "<group>"; };
		DD4D054856F1AD2D334B9CAD /* Pods-LeagueOfInfoTests.debug.xcconfig */ = {isa = PBXFileReference; includeInIndex = 1; lastKnownFileType = text.xcconfig; name = "Pods-LeagueOfInfoTests.debug.xcconfig"; path = "Target Support Files/Pods-LeagueOfInfoTests/Pods-LeagueOfInfoTests.debug.xcconfig"; sourceTree = "<group>"; };
		E71DF50E4BB093C35C693011 /* Pods-LeagueOfInfo.debug.xcconfig */ = {isa = PBXFileReference; includeInIndex = 1; lastKnownFileType = text.xcconfig; name = "Pods-LeagueOfInfo.debug.xcconfig"; path = "Target Support Files/Pods-LeagueOfInfo/Pods-LeagueOfInfo.debug.xcconfig"; sourceTree = "<group>"; };
		F285A28A38BDD3E26627C099 /* Pods_LeagueOfInfo_LeagueOfInfoUITests.framework */ = {isa = PBXFileReference; explicitFileType = wrapper.framework; includeInIndex = 0; path = Pods_LeagueOfInfo_LeagueOfInfoUITests.framework; sourceTree = BUILT_PRODUCTS_DIR; };
/* End PBXFileReference section */

/* Begin PBXFrameworksBuildPhase section */
		4ABFBBEA28E715B6002F1D4D /* Frameworks */ = {
			isa = PBXFrameworksBuildPhase;
			buildActionMask = 2147483647;
			files = (
				CDDBE69F1C7CAC79C86F9EB7 /* Pods_LeagueOfInfo.framework in Frameworks */,
			);
			runOnlyForDeploymentPostprocessing = 0;
		};
		4ABFBC0028E715B7002F1D4D /* Frameworks */ = {
			isa = PBXFrameworksBuildPhase;
			buildActionMask = 2147483647;
			files = (
				85B0D3C5F90ACE48605E4079 /* Pods_LeagueOfInfoTests.framework in Frameworks */,
			);
			runOnlyForDeploymentPostprocessing = 0;
		};
		4ABFBC0A28E715B7002F1D4D /* Frameworks */ = {
			isa = PBXFrameworksBuildPhase;
			buildActionMask = 2147483647;
			files = (
				74429BDA2571FD1BE2AD0C48 /* Pods_LeagueOfInfo_LeagueOfInfoUITests.framework in Frameworks */,
			);
			runOnlyForDeploymentPostprocessing = 0;
		};
/* End PBXFrameworksBuildPhase section */

/* Begin PBXGroup section */
		4A7D131728E823560094343A /* controller */ = {
			isa = PBXGroup;
			children = (
				4A7D131828E823820094343A /* HomeView.swift */,
				4A7D131A28E82AC90094343A /* ListChampController.swift */,
				4AB8E7A428EF024F000EDC46 /* Load.swift */,
				4AB892AB28F00E5800789E6B /* ChampViewController.swift */,
			);
			path = controller;
			sourceTree = "<group>";
		};
		4ABFBBE428E715B6002F1D4D = {
			isa = PBXGroup;
			children = (
				4ABFBBEF28E715B6002F1D4D /* LeagueOfInfo */,
				4ABFBC0628E715B7002F1D4D /* LeagueOfInfoTests */,
				4ABFBC1028E715B7002F1D4D /* LeagueOfInfoUITests */,
				4ABFBBEE28E715B6002F1D4D /* Products */,
				B7F048A1133339B9AEC00CC7 /* Pods */,
				7569BA41CF75542384E8284A /* Frameworks */,
			);
			sourceTree = "<group>";
		};
		4ABFBBEE28E715B6002F1D4D /* Products */ = {
			isa = PBXGroup;
			children = (
				4ABFBBED28E715B6002F1D4D /* LeagueOfInfo.app */,
				4ABFBC0328E715B7002F1D4D /* LeagueOfInfoTests.xctest */,
				4ABFBC0D28E715B7002F1D4D /* LeagueOfInfoUITests.xctest */,
			);
			name = Products;
			sourceTree = "<group>";
		};
		4ABFBBEF28E715B6002F1D4D /* LeagueOfInfo */ = {
			isa = PBXGroup;
			children = (
				4A7D131728E823560094343A /* controller */,
				4ABFBC2428E71665002F1D4D /* Model */,
				4ABFBC2028E71611002F1D4D /* Api */,
				4ABFBBF028E715B6002F1D4D /* AppDelegate.swift */,
				4ABFBBF228E715B6002F1D4D /* SceneDelegate.swift */,
				4ABFBBF428E715B6002F1D4D /* ViewController.swift */,
				4ABFBBF628E715B6002F1D4D /* Main.storyboard */,
				4ABFBBF928E715B7002F1D4D /* Assets.xcassets */,
				4ABFBBFB28E715B7002F1D4D /* LaunchScreen.storyboard */,
				4ABFBBFE28E715B7002F1D4D /* Info.plist */,
			);
			path = LeagueOfInfo;
			sourceTree = "<group>";
		};
		4ABFBC0628E715B7002F1D4D /* LeagueOfInfoTests */ = {
			isa = PBXGroup;
			children = (
				4ABFBC0728E715B7002F1D4D /* LeagueOfInfoTests.swift */,
			);
			path = LeagueOfInfoTests;
			sourceTree = "<group>";
		};
		4ABFBC1028E715B7002F1D4D /* LeagueOfInfoUITests */ = {
			isa = PBXGroup;
			children = (
				4ABFBC1128E715B7002F1D4D /* LeagueOfInfoUITests.swift */,
				4ABFBC1328E715B7002F1D4D /* LeagueOfInfoUITestsLaunchTests.swift */,
			);
			path = LeagueOfInfoUITests;
			sourceTree = "<group>";
		};
		4ABFBC2028E71611002F1D4D /* Api */ = {
			isa = PBXGroup;
			children = (
				4ABFBC2128E71635002F1D4D /* LolApi.swift */,
			);
			path = Api;
			sourceTree = "<group>";
		};
		4ABFBC2428E71665002F1D4D /* Model */ = {
			isa = PBXGroup;
			children = (
				4ABFBC2528E7167B002F1D4D /* Champ.swift */,
				4AB8E7A028EEB31E000EDC46 /* Item.swift */,
			);
			path = Model;
			sourceTree = "<group>";
		};
		7569BA41CF75542384E8284A /* Frameworks */ = {
			isa = PBXGroup;
			children = (
				1BC8EA51CA1670251E6E50D1 /* Pods_LeagueOfInfo.framework */,
				F285A28A38BDD3E26627C099 /* Pods_LeagueOfInfo_LeagueOfInfoUITests.framework */,
				2622E4A3F784CDBB2BB674E8 /* Pods_LeagueOfInfoTests.framework */,
			);
			name = Frameworks;
			sourceTree = "<group>";
		};
		B7F048A1133339B9AEC00CC7 /* Pods */ = {
			isa = PBXGroup;
			children = (
				E71DF50E4BB093C35C693011 /* Pods-LeagueOfInfo.debug.xcconfig */,
				4A7D5E61B57B3249CFB68A91 /* Pods-LeagueOfInfo.release.xcconfig */,
				0FD7C9115B460B758F90639A /* Pods-LeagueOfInfo-LeagueOfInfoUITests.debug.xcconfig */,
				2F3AE0698C029F5D2EFA6FCB /* Pods-LeagueOfInfo-LeagueOfInfoUITests.release.xcconfig */,
				DD4D054856F1AD2D334B9CAD /* Pods-LeagueOfInfoTests.debug.xcconfig */,
				05DD5924058326EF4BB4BC2E /* Pods-LeagueOfInfoTests.release.xcconfig */,
			);
			path = Pods;
			sourceTree = "<group>";
		};
/* End PBXGroup section */

/* Begin PBXNativeTarget section */
		4ABFBBEC28E715B6002F1D4D /* LeagueOfInfo */ = {
			isa = PBXNativeTarget;
			buildConfigurationList = 4ABFBC1728E715B7002F1D4D /* Build configuration list for PBXNativeTarget "LeagueOfInfo" */;
			buildPhases = (
				7ED26D7E03CF6858F6EF830C /* [CP] Check Pods Manifest.lock */,
				4ABFBBE928E715B6002F1D4D /* Sources */,
				4ABFBBEA28E715B6002F1D4D /* Frameworks */,
				4ABFBBEB28E715B6002F1D4D /* Resources */,
				8EED008AD0ED3126E5AFE46B /* [CP] Embed Pods Frameworks */,
			);
			buildRules = (
			);
			dependencies = (
			);
			name = LeagueOfInfo;
			productName = LeagueOfInfo;
			productReference = 4ABFBBED28E715B6002F1D4D /* LeagueOfInfo.app */;
			productType = "com.apple.product-type.application";
		};
		4ABFBC0228E715B7002F1D4D /* LeagueOfInfoTests */ = {
			isa = PBXNativeTarget;
			buildConfigurationList = 4ABFBC1A28E715B7002F1D4D /* Build configuration list for PBXNativeTarget "LeagueOfInfoTests" */;
			buildPhases = (
				D567A5EEB7442BD2A8C7F854 /* [CP] Check Pods Manifest.lock */,
				4ABFBBFF28E715B7002F1D4D /* Sources */,
				4ABFBC0028E715B7002F1D4D /* Frameworks */,
				4ABFBC0128E715B7002F1D4D /* Resources */,
			);
			buildRules = (
			);
			dependencies = (
				4ABFBC0528E715B7002F1D4D /* PBXTargetDependency */,
			);
			name = LeagueOfInfoTests;
			productName = LeagueOfInfoTests;
			productReference = 4ABFBC0328E715B7002F1D4D /* LeagueOfInfoTests.xctest */;
			productType = "com.apple.product-type.bundle.unit-test";
		};
		4ABFBC0C28E715B7002F1D4D /* LeagueOfInfoUITests */ = {
			isa = PBXNativeTarget;
			buildConfigurationList = 4ABFBC1D28E715B7002F1D4D /* Build configuration list for PBXNativeTarget "LeagueOfInfoUITests" */;
			buildPhases = (
				D8F65E02144B182C74772D30 /* [CP] Check Pods Manifest.lock */,
				4ABFBC0928E715B7002F1D4D /* Sources */,
				4ABFBC0A28E715B7002F1D4D /* Frameworks */,
				4ABFBC0B28E715B7002F1D4D /* Resources */,
				E57F9591E6C52335B5701012 /* [CP] Embed Pods Frameworks */,
			);
			buildRules = (
			);
			dependencies = (
				4ABFBC0F28E715B7002F1D4D /* PBXTargetDependency */,
			);
			name = LeagueOfInfoUITests;
			productName = LeagueOfInfoUITests;
			productReference = 4ABFBC0D28E715B7002F1D4D /* LeagueOfInfoUITests.xctest */;
			productType = "com.apple.product-type.bundle.ui-testing";
		};
/* End PBXNativeTarget section */

/* Begin PBXProject section */
		4ABFBBE528E715B6002F1D4D /* Project object */ = {
			isa = PBXProject;
			attributes = {
				BuildIndependentTargetsInParallel = 1;
				LastSwiftUpdateCheck = 1310;
				LastUpgradeCheck = 1310;
				TargetAttributes = {
					4ABFBBEC28E715B6002F1D4D = {
						CreatedOnToolsVersion = 13.1;
					};
					4ABFBC0228E715B7002F1D4D = {
						CreatedOnToolsVersion = 13.1;
						TestTargetID = 4ABFBBEC28E715B6002F1D4D;
					};
					4ABFBC0C28E715B7002F1D4D = {
						CreatedOnToolsVersion = 13.1;
						TestTargetID = 4ABFBBEC28E715B6002F1D4D;
					};
				};
			};
			buildConfigurationList = 4ABFBBE828E715B6002F1D4D /* Build configuration list for PBXProject "LeagueOfInfo" */;
			compatibilityVersion = "Xcode 13.0";
			developmentRegion = en;
			hasScannedForEncodings = 0;
			knownRegions = (
				en,
				Base,
			);
			mainGroup = 4ABFBBE428E715B6002F1D4D;
			productRefGroup = 4ABFBBEE28E715B6002F1D4D /* Products */;
			projectDirPath = "";
			projectRoot = "";
			targets = (
				4ABFBBEC28E715B6002F1D4D /* LeagueOfInfo */,
				4ABFBC0228E715B7002F1D4D /* LeagueOfInfoTests */,
				4ABFBC0C28E715B7002F1D4D /* LeagueOfInfoUITests */,
			);
		};
/* End PBXProject section */

/* Begin PBXResourcesBuildPhase section */
		4ABFBBEB28E715B6002F1D4D /* Resources */ = {
			isa = PBXResourcesBuildPhase;
			buildActionMask = 2147483647;
			files = (
				4ABFBBFD28E715B7002F1D4D /* LaunchScreen.storyboard in Resources */,
				4ABFBBFA28E715B7002F1D4D /* Assets.xcassets in Resources */,
				4ABFBBF828E715B6002F1D4D /* Main.storyboard in Resources */,
			);
			runOnlyForDeploymentPostprocessing = 0;
		};
		4ABFBC0128E715B7002F1D4D /* Resources */ = {
			isa = PBXResourcesBuildPhase;
			buildActionMask = 2147483647;
			files = (
			);
			runOnlyForDeploymentPostprocessing = 0;
		};
		4ABFBC0B28E715B7002F1D4D /* Resources */ = {
			isa = PBXResourcesBuildPhase;
			buildActionMask = 2147483647;
			files = (
			);
			runOnlyForDeploymentPostprocessing = 0;
		};
/* End PBXResourcesBuildPhase section */

/* Begin PBXShellScriptBuildPhase section */
		7ED26D7E03CF6858F6EF830C /* [CP] Check Pods Manifest.lock */ = {
			isa = PBXShellScriptBuildPhase;
			buildActionMask = 2147483647;
			files = (
			);
			inputFileListPaths = (
			);
			inputPaths = (
				"${PODS_PODFILE_DIR_PATH}/Podfile.lock",
				"${PODS_ROOT}/Manifest.lock",
			);
			name = "[CP] Check Pods Manifest.lock";
			outputFileListPaths = (
			);
			outputPaths = (
				"$(DERIVED_FILE_DIR)/Pods-LeagueOfInfo-checkManifestLockResult.txt",
			);
			runOnlyForDeploymentPostprocessing = 0;
			shellPath = /bin/sh;
			shellScript = "diff \"${PODS_PODFILE_DIR_PATH}/Podfile.lock\" \"${PODS_ROOT}/Manifest.lock\" > /dev/null\nif [ $? != 0 ] ; then\n    # print error to STDERR\n    echo \"error: The sandbox is not in sync with the Podfile.lock. Run 'pod install' or update your CocoaPods installation.\" >&2\n    exit 1\nfi\n# This output is used by Xcode 'outputs' to avoid re-running this script phase.\necho \"SUCCESS\" > \"${SCRIPT_OUTPUT_FILE_0}\"\n";
			showEnvVarsInLog = 0;
		};
		8EED008AD0ED3126E5AFE46B /* [CP] Embed Pods Frameworks */ = {
			isa = PBXShellScriptBuildPhase;
			buildActionMask = 2147483647;
			files = (
			);
			inputFileListPaths = (
				"${PODS_ROOT}/Target Support Files/Pods-LeagueOfInfo/Pods-LeagueOfInfo-frameworks-${CONFIGURATION}-input-files.xcfilelist",
			);
			name = "[CP] Embed Pods Frameworks";
			outputFileListPaths = (
				"${PODS_ROOT}/Target Support Files/Pods-LeagueOfInfo/Pods-LeagueOfInfo-frameworks-${CONFIGURATION}-output-files.xcfilelist",
			);
			runOnlyForDeploymentPostprocessing = 0;
			shellPath = /bin/sh;
			shellScript = "\"${PODS_ROOT}/Target Support Files/Pods-LeagueOfInfo/Pods-LeagueOfInfo-frameworks.sh\"\n";
			showEnvVarsInLog = 0;
		};
		D567A5EEB7442BD2A8C7F854 /* [CP] Check Pods Manifest.lock */ = {
			isa = PBXShellScriptBuildPhase;
			buildActionMask = 2147483647;
			files = (
			);
			inputFileListPaths = (
			);
			inputPaths = (
				"${PODS_PODFILE_DIR_PATH}/Podfile.lock",
				"${PODS_ROOT}/Manifest.lock",
			);
			name = "[CP] Check Pods Manifest.lock";
			outputFileListPaths = (
			);
			outputPaths = (
				"$(DERIVED_FILE_DIR)/Pods-LeagueOfInfoTests-checkManifestLockResult.txt",
			);
			runOnlyForDeploymentPostprocessing = 0;
			shellPath = /bin/sh;
			shellScript = "diff \"${PODS_PODFILE_DIR_PATH}/Podfile.lock\" \"${PODS_ROOT}/Manifest.lock\" > /dev/null\nif [ $? != 0 ] ; then\n    # print error to STDERR\n    echo \"error: The sandbox is not in sync with the Podfile.lock. Run 'pod install' or update your CocoaPods installation.\" >&2\n    exit 1\nfi\n# This output is used by Xcode 'outputs' to avoid re-running this script phase.\necho \"SUCCESS\" > \"${SCRIPT_OUTPUT_FILE_0}\"\n";
			showEnvVarsInLog = 0;
		};
		D8F65E02144B182C74772D30 /* [CP] Check Pods Manifest.lock */ = {
			isa = PBXShellScriptBuildPhase;
			buildActionMask = 2147483647;
			files = (
			);
			inputFileListPaths = (
			);
			inputPaths = (
				"${PODS_PODFILE_DIR_PATH}/Podfile.lock",
				"${PODS_ROOT}/Manifest.lock",
			);
			name = "[CP] Check Pods Manifest.lock";
			outputFileListPaths = (
			);
			outputPaths = (
				"$(DERIVED_FILE_DIR)/Pods-LeagueOfInfo-LeagueOfInfoUITests-checkManifestLockResult.txt",
			);
			runOnlyForDeploymentPostprocessing = 0;
			shellPath = /bin/sh;
			shellScript = "diff \"${PODS_PODFILE_DIR_PATH}/Podfile.lock\" \"${PODS_ROOT}/Manifest.lock\" > /dev/null\nif [ $? != 0 ] ; then\n    # print error to STDERR\n    echo \"error: The sandbox is not in sync with the Podfile.lock. Run 'pod install' or update your CocoaPods installation.\" >&2\n    exit 1\nfi\n# This output is used by Xcode 'outputs' to avoid re-running this script phase.\necho \"SUCCESS\" > \"${SCRIPT_OUTPUT_FILE_0}\"\n";
			showEnvVarsInLog = 0;
		};
		E57F9591E6C52335B5701012 /* [CP] Embed Pods Frameworks */ = {
			isa = PBXShellScriptBuildPhase;
			buildActionMask = 2147483647;
			files = (
			);
			inputFileListPaths = (
				"${PODS_ROOT}/Target Support Files/Pods-LeagueOfInfo-LeagueOfInfoUITests/Pods-LeagueOfInfo-LeagueOfInfoUITests-frameworks-${CONFIGURATION}-input-files.xcfilelist",
			);
			name = "[CP] Embed Pods Frameworks";
			outputFileListPaths = (
				"${PODS_ROOT}/Target Support Files/Pods-LeagueOfInfo-LeagueOfInfoUITests/Pods-LeagueOfInfo-LeagueOfInfoUITests-frameworks-${CONFIGURATION}-output-files.xcfilelist",
			);
			runOnlyForDeploymentPostprocessing = 0;
			shellPath = /bin/sh;
			shellScript = "\"${PODS_ROOT}/Target Support Files/Pods-LeagueOfInfo-LeagueOfInfoUITests/Pods-LeagueOfInfo-LeagueOfInfoUITests-frameworks.sh\"\n";
			showEnvVarsInLog = 0;
		};
/* End PBXShellScriptBuildPhase section */

/* Begin PBXSourcesBuildPhase section */
		4ABFBBE928E715B6002F1D4D /* Sources */ = {
			isa = PBXSourcesBuildPhase;
			buildActionMask = 2147483647;
			files = (
				4ABFBC2228E71635002F1D4D /* LolApi.swift in Sources */,
				4ABFBBF528E715B6002F1D4D /* ViewController.swift in Sources */,
				4ABFBC2628E7167B002F1D4D /* Champ.swift in Sources */,
				4A7D131928E823820094343A /* HomeView.swift in Sources */,
				4AB8E7A528EF024F000EDC46 /* Load.swift in Sources */,
				4AB8E7A128EEB31E000EDC46 /* Item.swift in Sources */,
				4ABFBBF128E715B6002F1D4D /* AppDelegate.swift in Sources */,
				4ABFBBF328E715B6002F1D4D /* SceneDelegate.swift in Sources */,
				4AB892AC28F00E5800789E6B /* ChampViewController.swift in Sources */,
				4A7D131B28E82AC90094343A /* ListChampController.swift in Sources */,
			);
			runOnlyForDeploymentPostprocessing = 0;
		};
		4ABFBBFF28E715B7002F1D4D /* Sources */ = {
			isa = PBXSourcesBuildPhase;
			buildActionMask = 2147483647;
			files = (
				4ABFBC0828E715B7002F1D4D /* LeagueOfInfoTests.swift in Sources */,
			);
			runOnlyForDeploymentPostprocessing = 0;
		};
		4ABFBC0928E715B7002F1D4D /* Sources */ = {
			isa = PBXSourcesBuildPhase;
			buildActionMask = 2147483647;
			files = (
				4ABFBC1428E715B7002F1D4D /* LeagueOfInfoUITestsLaunchTests.swift in Sources */,
				4ABFBC1228E715B7002F1D4D /* LeagueOfInfoUITests.swift in Sources */,
			);
			runOnlyForDeploymentPostprocessing = 0;
		};
/* End PBXSourcesBuildPhase section */

/* Begin PBXTargetDependency section */
		4ABFBC0528E715B7002F1D4D /* PBXTargetDependency */ = {
			isa = PBXTargetDependency;
			target = 4ABFBBEC28E715B6002F1D4D /* LeagueOfInfo */;
			targetProxy = 4ABFBC0428E715B7002F1D4D /* PBXContainerItemProxy */;
		};
		4ABFBC0F28E715B7002F1D4D /* PBXTargetDependency */ = {
			isa = PBXTargetDependency;
			target = 4ABFBBEC28E715B6002F1D4D /* LeagueOfInfo */;
			targetProxy = 4ABFBC0E28E715B7002F1D4D /* PBXContainerItemProxy */;
		};
/* End PBXTargetDependency section */

/* Begin PBXVariantGroup section */
		4ABFBBF628E715B6002F1D4D /* Main.storyboard */ = {
			isa = PBXVariantGroup;
			children = (
				4ABFBBF728E715B6002F1D4D /* Base */,
			);
			name = Main.storyboard;
			sourceTree = "<group>";
		};
		4ABFBBFB28E715B7002F1D4D /* LaunchScreen.storyboard */ = {
			isa = PBXVariantGroup;
			children = (
				4ABFBBFC28E715B7002F1D4D /* Base */,
			);
			name = LaunchScreen.storyboard;
			sourceTree = "<group>";
		};
/* End PBXVariantGroup section */

/* Begin XCBuildConfiguration section */
		4ABFBC1528E715B7002F1D4D /* Debug */ = {
			isa = XCBuildConfiguration;
			buildSettings = {
				ALWAYS_SEARCH_USER_PATHS = NO;
				CLANG_ANALYZER_NONNULL = YES;
				CLANG_ANALYZER_NUMBER_OBJECT_CONVERSION = YES_AGGRESSIVE;
				CLANG_CXX_LANGUAGE_STANDARD = "gnu++17";
				CLANG_CXX_LIBRARY = "libc++";
				CLANG_ENABLE_MODULES = YES;
				CLANG_ENABLE_OBJC_ARC = YES;
				CLANG_ENABLE_OBJC_WEAK = YES;
				CLANG_WARN_BLOCK_CAPTURE_AUTORELEASING = YES;
				CLANG_WARN_BOOL_CONVERSION = YES;
				CLANG_WARN_COMMA = YES;
				CLANG_WARN_CONSTANT_CONVERSION = YES;
				CLANG_WARN_DEPRECATED_OBJC_IMPLEMENTATIONS = YES;
				CLANG_WARN_DIRECT_OBJC_ISA_USAGE = YES_ERROR;
				CLANG_WARN_DOCUMENTATION_COMMENTS = YES;
				CLANG_WARN_EMPTY_BODY = YES;
				CLANG_WARN_ENUM_CONVERSION = YES;
				CLANG_WARN_INFINITE_RECURSION = YES;
				CLANG_WARN_INT_CONVERSION = YES;
				CLANG_WARN_NON_LITERAL_NULL_CONVERSION = YES;
				CLANG_WARN_OBJC_IMPLICIT_RETAIN_SELF = YES;
				CLANG_WARN_OBJC_LITERAL_CONVERSION = YES;
				CLANG_WARN_OBJC_ROOT_CLASS = YES_ERROR;
				CLANG_WARN_QUOTED_INCLUDE_IN_FRAMEWORK_HEADER = YES;
				CLANG_WARN_RANGE_LOOP_ANALYSIS = YES;
				CLANG_WARN_STRICT_PROTOTYPES = YES;
				CLANG_WARN_SUSPICIOUS_MOVE = YES;
				CLANG_WARN_UNGUARDED_AVAILABILITY = YES_AGGRESSIVE;
				CLANG_WARN_UNREACHABLE_CODE = YES;
				CLANG_WARN__DUPLICATE_METHOD_MATCH = YES;
				COPY_PHASE_STRIP = NO;
				DEBUG_INFORMATION_FORMAT = dwarf;
				ENABLE_STRICT_OBJC_MSGSEND = YES;
				ENABLE_TESTABILITY = YES;
				GCC_C_LANGUAGE_STANDARD = gnu11;
				GCC_DYNAMIC_NO_PIC = NO;
				GCC_NO_COMMON_BLOCKS = YES;
				GCC_OPTIMIZATION_LEVEL = 0;
				GCC_PREPROCESSOR_DEFINITIONS = (
					"DEBUG=1",
					"$(inherited)",
				);
				GCC_WARN_64_TO_32_BIT_CONVERSION = YES;
				GCC_WARN_ABOUT_RETURN_TYPE = YES_ERROR;
				GCC_WARN_UNDECLARED_SELECTOR = YES;
				GCC_WARN_UNINITIALIZED_AUTOS = YES_AGGRESSIVE;
				GCC_WARN_UNUSED_FUNCTION = YES;
				GCC_WARN_UNUSED_VARIABLE = YES;
				IPHONEOS_DEPLOYMENT_TARGET = 15.0;
				MTL_ENABLE_DEBUG_INFO = INCLUDE_SOURCE;
				MTL_FAST_MATH = YES;
				ONLY_ACTIVE_ARCH = YES;
				SDKROOT = iphoneos;
				SWIFT_ACTIVE_COMPILATION_CONDITIONS = DEBUG;
				SWIFT_OPTIMIZATION_LEVEL = "-Onone";
			};
			name = Debug;
		};
		4ABFBC1628E715B7002F1D4D /* Release */ = {
			isa = XCBuildConfiguration;
			buildSettings = {
				ALWAYS_SEARCH_USER_PATHS = NO;
				CLANG_ANALYZER_NONNULL = YES;
				CLANG_ANALYZER_NUMBER_OBJECT_CONVERSION = YES_AGGRESSIVE;
				CLANG_CXX_LANGUAGE_STANDARD = "gnu++17";
				CLANG_CXX_LIBRARY = "libc++";
				CLANG_ENABLE_MODULES = YES;
				CLANG_ENABLE_OBJC_ARC = YES;
				CLANG_ENABLE_OBJC_WEAK = YES;
				CLANG_WARN_BLOCK_CAPTURE_AUTORELEASING = YES;
				CLANG_WARN_BOOL_CONVERSION = YES;
				CLANG_WARN_COMMA = YES;
				CLANG_WARN_CONSTANT_CONVERSION = YES;
				CLANG_WARN_DEPRECATED_OBJC_IMPLEMENTATIONS = YES;
				CLANG_WARN_DIRECT_OBJC_ISA_USAGE = YES_ERROR;
				CLANG_WARN_DOCUMENTATION_COMMENTS = YES;
				CLANG_WARN_EMPTY_BODY = YES;
				CLANG_WARN_ENUM_CONVERSION = YES;
				CLANG_WARN_INFINITE_RECURSION = YES;
				CLANG_WARN_INT_CONVERSION = YES;
				CLANG_WARN_NON_LITERAL_NULL_CONVERSION = YES;
				CLANG_WARN_OBJC_IMPLICIT_RETAIN_SELF = YES;
				CLANG_WARN_OBJC_LITERAL_CONVERSION = YES;
				CLANG_WARN_OBJC_ROOT_CLASS = YES_ERROR;
				CLANG_WARN_QUOTED_INCLUDE_IN_FRAMEWORK_HEADER = YES;
				CLANG_WARN_RANGE_LOOP_ANALYSIS = YES;
				CLANG_WARN_STRICT_PROTOTYPES = YES;
				CLANG_WARN_SUSPICIOUS_MOVE = YES;
				CLANG_WARN_UNGUARDED_AVAILABILITY = YES_AGGRESSIVE;
				CLANG_WARN_UNREACHABLE_CODE = YES;
				CLANG_WARN__DUPLICATE_METHOD_MATCH = YES;
				COPY_PHASE_STRIP = NO;
				DEBUG_INFORMATION_FORMAT = "dwarf-with-dsym";
				ENABLE_NS_ASSERTIONS = NO;
				ENABLE_STRICT_OBJC_MSGSEND = YES;
				GCC_C_LANGUAGE_STANDARD = gnu11;
				GCC_NO_COMMON_BLOCKS = YES;
				GCC_WARN_64_TO_32_BIT_CONVERSION = YES;
				GCC_WARN_ABOUT_RETURN_TYPE = YES_ERROR;
				GCC_WARN_UNDECLARED_SELECTOR = YES;
				GCC_WARN_UNINITIALIZED_AUTOS = YES_AGGRESSIVE;
				GCC_WARN_UNUSED_FUNCTION = YES;
				GCC_WARN_UNUSED_VARIABLE = YES;
				IPHONEOS_DEPLOYMENT_TARGET = 15.0;
				MTL_ENABLE_DEBUG_INFO = NO;
				MTL_FAST_MATH = YES;
				SDKROOT = iphoneos;
				SWIFT_COMPILATION_MODE = wholemodule;
				SWIFT_OPTIMIZATION_LEVEL = "-O";
				VALIDATE_PRODUCT = YES;
			};
			name = Release;
		};
		4ABFBC1828E715B7002F1D4D /* Debug */ = {
			isa = XCBuildConfiguration;
			baseConfigurationReference = E71DF50E4BB093C35C693011 /* Pods-LeagueOfInfo.debug.xcconfig */;
			buildSettings = {
				ASSETCATALOG_COMPILER_APPICON_NAME = AppIcon;
				ASSETCATALOG_COMPILER_GLOBAL_ACCENT_COLOR_NAME = AccentColor;
				CODE_SIGN_STYLE = Automatic;
				CURRENT_PROJECT_VERSION = 1;
				GENERATE_INFOPLIST_FILE = YES;
				INFOPLIST_FILE = LeagueOfInfo/Info.plist;
				INFOPLIST_KEY_UIApplicationSupportsIndirectInputEvents = YES;
				INFOPLIST_KEY_UILaunchStoryboardName = LaunchScreen;
				INFOPLIST_KEY_UIMainStoryboardFile = Main;
				INFOPLIST_KEY_UISupportedInterfaceOrientations_iPad = "UIInterfaceOrientationPortrait UIInterfaceOrientationPortraitUpsideDown UIInterfaceOrientationLandscapeLeft UIInterfaceOrientationLandscapeRight";
				INFOPLIST_KEY_UISupportedInterfaceOrientations_iPhone = "UIInterfaceOrientationPortrait UIInterfaceOrientationLandscapeLeft UIInterfaceOrientationLandscapeRight";
				LD_RUNPATH_SEARCH_PATHS = (
					"$(inherited)",
					"@executable_path/Frameworks",
				);
				MARKETING_VERSION = 1.0;
				PRODUCT_BUNDLE_IDENTIFIER = iutsd.LeagueOfInfo;
				PRODUCT_NAME = "$(TARGET_NAME)";
				SWIFT_EMIT_LOC_STRINGS = YES;
				SWIFT_VERSION = 5.0;
				TARGETED_DEVICE_FAMILY = "1,2";
			};
			name = Debug;
		};
		4ABFBC1928E715B7002F1D4D /* Release */ = {
			isa = XCBuildConfiguration;
			baseConfigurationReference = 4A7D5E61B57B3249CFB68A91 /* Pods-LeagueOfInfo.release.xcconfig */;
			buildSettings = {
				ASSETCATALOG_COMPILER_APPICON_NAME = AppIcon;
				ASSETCATALOG_COMPILER_GLOBAL_ACCENT_COLOR_NAME = AccentColor;
				CODE_SIGN_STYLE = Automatic;
				CURRENT_PROJECT_VERSION = 1;
				GENERATE_INFOPLIST_FILE = YES;
				INFOPLIST_FILE = LeagueOfInfo/Info.plist;
				INFOPLIST_KEY_UIApplicationSupportsIndirectInputEvents = YES;
				INFOPLIST_KEY_UILaunchStoryboardName = LaunchScreen;
				INFOPLIST_KEY_UIMainStoryboardFile = Main;
				INFOPLIST_KEY_UISupportedInterfaceOrientations_iPad = "UIInterfaceOrientationPortrait UIInterfaceOrientationPortraitUpsideDown UIInterfaceOrientationLandscapeLeft UIInterfaceOrientationLandscapeRight";
				INFOPLIST_KEY_UISupportedInterfaceOrientations_iPhone = "UIInterfaceOrientationPortrait UIInterfaceOrientationLandscapeLeft UIInterfaceOrientationLandscapeRight";
				LD_RUNPATH_SEARCH_PATHS = (
					"$(inherited)",
					"@executable_path/Frameworks",
				);
				MARKETING_VERSION = 1.0;
				PRODUCT_BUNDLE_IDENTIFIER = iutsd.LeagueOfInfo;
				PRODUCT_NAME = "$(TARGET_NAME)";
				SWIFT_EMIT_LOC_STRINGS = YES;
				SWIFT_VERSION = 5.0;
				TARGETED_DEVICE_FAMILY = "1,2";
			};
			name = Release;
		};
		4ABFBC1B28E715B7002F1D4D /* Debug */ = {
			isa = XCBuildConfiguration;
			baseConfigurationReference = DD4D054856F1AD2D334B9CAD /* Pods-LeagueOfInfoTests.debug.xcconfig */;
			buildSettings = {
				ALWAYS_EMBED_SWIFT_STANDARD_LIBRARIES = YES;
				BUNDLE_LOADER = "$(TEST_HOST)";
				CODE_SIGN_STYLE = Automatic;
				CURRENT_PROJECT_VERSION = 1;
				GENERATE_INFOPLIST_FILE = YES;
				IPHONEOS_DEPLOYMENT_TARGET = 15.0;
				LD_RUNPATH_SEARCH_PATHS = (
					"$(inherited)",
					"@executable_path/Frameworks",
					"@loader_path/Frameworks",
				);
				MARKETING_VERSION = 1.0;
				PRODUCT_BUNDLE_IDENTIFIER = iutsd.LeagueOfInfoTests;
				PRODUCT_NAME = "$(TARGET_NAME)";
				SWIFT_EMIT_LOC_STRINGS = NO;
				SWIFT_VERSION = 5.0;
				TARGETED_DEVICE_FAMILY = "1,2";
				TEST_HOST = "$(BUILT_PRODUCTS_DIR)/LeagueOfInfo.app/LeagueOfInfo";
			};
			name = Debug;
		};
		4ABFBC1C28E715B7002F1D4D /* Release */ = {
			isa = XCBuildConfiguration;
			baseConfigurationReference = 05DD5924058326EF4BB4BC2E /* Pods-LeagueOfInfoTests.release.xcconfig */;
			buildSettings = {
				ALWAYS_EMBED_SWIFT_STANDARD_LIBRARIES = YES;
				BUNDLE_LOADER = "$(TEST_HOST)";
				CODE_SIGN_STYLE = Automatic;
				CURRENT_PROJECT_VERSION = 1;
				GENERATE_INFOPLIST_FILE = YES;
				IPHONEOS_DEPLOYMENT_TARGET = 15.0;
				LD_RUNPATH_SEARCH_PATHS = (
					"$(inherited)",
					"@executable_path/Frameworks",
					"@loader_path/Frameworks",
				);
				MARKETING_VERSION = 1.0;
				PRODUCT_BUNDLE_IDENTIFIER = iutsd.LeagueOfInfoTests;
				PRODUCT_NAME = "$(TARGET_NAME)";
				SWIFT_EMIT_LOC_STRINGS = NO;
				SWIFT_VERSION = 5.0;
				TARGETED_DEVICE_FAMILY = "1,2";
				TEST_HOST = "$(BUILT_PRODUCTS_DIR)/LeagueOfInfo.app/LeagueOfInfo";
			};
			name = Release;
		};
		4ABFBC1E28E715B7002F1D4D /* Debug */ = {
			isa = XCBuildConfiguration;
			baseConfigurationReference = 0FD7C9115B460B758F90639A /* Pods-LeagueOfInfo-LeagueOfInfoUITests.debug.xcconfig */;
			buildSettings = {
				ALWAYS_EMBED_SWIFT_STANDARD_LIBRARIES = YES;
				CODE_SIGN_STYLE = Automatic;
				CURRENT_PROJECT_VERSION = 1;
				GENERATE_INFOPLIST_FILE = YES;
				LD_RUNPATH_SEARCH_PATHS = (
					"$(inherited)",
					"@executable_path/Frameworks",
					"@loader_path/Frameworks",
				);
				MARKETING_VERSION = 1.0;
				PRODUCT_BUNDLE_IDENTIFIER = iutsd.LeagueOfInfoUITests;
				PRODUCT_NAME = "$(TARGET_NAME)";
				SWIFT_EMIT_LOC_STRINGS = NO;
				SWIFT_VERSION = 5.0;
				TARGETED_DEVICE_FAMILY = "1,2";
				TEST_TARGET_NAME = LeagueOfInfo;
			};
			name = Debug;
		};
		4ABFBC1F28E715B7002F1D4D /* Release */ = {
			isa = XCBuildConfiguration;
			baseConfigurationReference = 2F3AE0698C029F5D2EFA6FCB /* Pods-LeagueOfInfo-LeagueOfInfoUITests.release.xcconfig */;
			buildSettings = {
				ALWAYS_EMBED_SWIFT_STANDARD_LIBRARIES = YES;
				CODE_SIGN_STYLE = Automatic;
				CURRENT_PROJECT_VERSION = 1;
				GENERATE_INFOPLIST_FILE = YES;
				LD_RUNPATH_SEARCH_PATHS = (
					"$(inherited)",
					"@executable_path/Frameworks",
					"@loader_path/Frameworks",
				);
				MARKETING_VERSION = 1.0;
				PRODUCT_BUNDLE_IDENTIFIER = iutsd.LeagueOfInfoUITests;
				PRODUCT_NAME = "$(TARGET_NAME)";
				SWIFT_EMIT_LOC_STRINGS = NO;
				SWIFT_VERSION = 5.0;
				TARGETED_DEVICE_FAMILY = "1,2";
				TEST_TARGET_NAME = LeagueOfInfo;
			};
			name = Release;
		};
/* End XCBuildConfiguration section */

/* Begin XCConfigurationList section */
		4ABFBBE828E715B6002F1D4D /* Build configuration list for PBXProject "LeagueOfInfo" */ = {
			isa = XCConfigurationList;
			buildConfigurations = (
				4ABFBC1528E715B7002F1D4D /* Debug */,
				4ABFBC1628E715B7002F1D4D /* Release */,
			);
			defaultConfigurationIsVisible = 0;
			defaultConfigurationName = Release;
		};
		4ABFBC1728E715B7002F1D4D /* Build configuration list for PBXNativeTarget "LeagueOfInfo" */ = {
			isa = XCConfigurationList;
			buildConfigurations = (
				4ABFBC1828E715B7002F1D4D /* Debug */,
				4ABFBC1928E715B7002F1D4D /* Release */,
			);
			defaultConfigurationIsVisible = 0;
			defaultConfigurationName = Release;
		};
		4ABFBC1A28E715B7002F1D4D /* Build configuration list for PBXNativeTarget "LeagueOfInfoTests" */ = {
			isa = XCConfigurationList;
			buildConfigurations = (
				4ABFBC1B28E715B7002F1D4D /* Debug */,
				4ABFBC1C28E715B7002F1D4D /* Release */,
			);
			defaultConfigurationIsVisible = 0;
			defaultConfigurationName = Release;
		};
		4ABFBC1D28E715B7002F1D4D /* Build configuration list for PBXNativeTarget "LeagueOfInfoUITests" */ = {
			isa = XCConfigurationList;
			buildConfigurations = (
				4ABFBC1E28E715B7002F1D4D /* Debug */,
				4ABFBC1F28E715B7002F1D4D /* Release */,
			);
			defaultConfigurationIsVisible = 0;
			defaultConfigurationName = Release;
		};
/* End XCConfigurationList section */
	};
	rootObject = 4ABFBBE528E715B6002F1D4D /* Project object */;
}
